
Microsoft Visual Studio Solution File, Format Version 12.00
# Visual Studio Version 16
VisualStudioVersion = 16.0.29306.81
MinimumVisualStudioVersion = 10.0.40219.1
Project("{9A19103F-16F7-4668-BE54-9A1E7A4F7556}") = "Com.Gosol.QLKH.Ultilities", "Com.Gosol.QLKH.Ultilities\Com.Gosol.QLKH.Ultilities.csproj", "{84422F37-6EAC-4E27-AC19-49D106D779B3}"
EndProject
Project("{9A19103F-16F7-4668-BE54-9A1E7A4F7556}") = "Com.Gosol.QLKH.Security", "Com.Gosol.QLKH.Security\Com.Gosol.QLKH.Security.csproj", "{11F0A4E4-1AD2-48D2-BFB4-EC830C3F5C92}"
EndProject
Project("{9A19103F-16F7-4668-BE54-9A1E7A4F7556}") = "Com.Gosol.QLKH.Models", "Com.Gosol.QLKH.Models\Com.Gosol.QLKH.Models.csproj", "{1302B592-08A4-4EBC-BC45-95334BCCD9E3}"
EndProject
Project("{9A19103F-16F7-4668-BE54-9A1E7A4F7556}") = "Com.Gosol.QLKH.DAL", "Com.Gosol.QLKH.DAL\Com.Gosol.QLKH.DAL.csproj", "{06DB356D-0D80-4E46-BC61-998DFA6E78B0}"
EndProject
Project("{9A19103F-16F7-4668-BE54-9A1E7A4F7556}") = "Com.Gosol.QLKH.BUS", "Com.Gosol.QLKH.BUS\Com.Gosol.QLKH.BUS.csproj", "{389F5234-30B1-43D3-9462-9D6530ACA07C}"
EndProject
Project("{9A19103F-16F7-4668-BE54-9A1E7A4F7556}") = "Com.Gosol.QLKH.API", "Com.Gosol.QLKH.API\Com.Gosol.QLKH.API.csproj", "{9B87B523-7133-4958-ABF7-DE85C4CECEE0}"
EndProject
Global
	GlobalSection(SolutionConfigurationPlatforms) = preSolution
		Debug|Any CPU = Debug|Any CPU
		Release|Any CPU = Release|Any CPU
	EndGlobalSection
	GlobalSection(ProjectConfigurationPlatforms) = postSolution
		{84422F37-6EAC-4E27-AC19-49D106D779B3}.Debug|Any CPU.ActiveCfg = Debug|Any CPU
		{84422F37-6EAC-4E27-AC19-49D106D779B3}.Debug|Any CPU.Build.0 = Debug|Any CPU
		{84422F37-6EAC-4E27-AC19-49D106D779B3}.Release|Any CPU.ActiveCfg = Release|Any CPU
		{84422F37-6EAC-4E27-AC19-49D106D779B3}.Release|Any CPU.Build.0 = Release|Any CPU
		{11F0A4E4-1AD2-48D2-BFB4-EC830C3F5C92}.Debug|Any CPU.ActiveCfg = Debug|Any CPU
		{11F0A4E4-1AD2-48D2-BFB4-EC830C3F5C92}.Debug|Any CPU.Build.0 = Debug|Any CPU
		{11F0A4E4-1AD2-48D2-BFB4-EC830C3F5C92}.Release|Any CPU.ActiveCfg = Release|Any CPU
		{11F0A4E4-1AD2-48D2-BFB4-EC830C3F5C92}.Release|Any CPU.Build.0 = Release|Any CPU
		{1302B592-08A4-4EBC-BC45-95334BCCD9E3}.Debug|Any CPU.ActiveCfg = Debug|Any CPU
		{1302B592-08A4-4EBC-BC45-95334BCCD9E3}.Debug|Any CPU.Build.0 = Debug|Any CPU
		{1302B592-08A4-4EBC-BC45-95334BCCD9E3}.Release|Any CPU.ActiveCfg = Release|Any CPU
		{1302B592-08A4-4EBC-BC45-95334BCCD9E3}.Release|Any CPU.Build.0 = Release|Any CPU
		{06DB356D-0D80-4E46-BC61-998DFA6E78B0}.Debug|Any CPU.ActiveCfg = Debug|Any CPU
		{06DB356D-0D80-4E46-BC61-998DFA6E78B0}.Debug|Any CPU.Build.0 = Debug|Any CPU
		{06DB356D-0D80-4E46-BC61-998DFA6E78B0}.Release|Any CPU.ActiveCfg = Release|Any CPU
		{06DB356D-0D80-4E46-BC61-998DFA6E78B0}.Release|Any CPU.Build.0 = Release|Any CPU
		{389F5234-30B1-43D3-9462-9D6530ACA07C}.Debug|Any CPU.ActiveCfg = Debug|Any CPU
		{389F5234-30B1-43D3-9462-9D6530ACA07C}.Debug|Any CPU.Build.0 = Debug|Any CPU
		{389F5234-30B1-43D3-9462-9D6530ACA07C}.Release|Any CPU.ActiveCfg = Release|Any CPU
		{389F5234-30B1-43D3-9462-9D6530ACA07C}.Release|Any CPU.Build.0 = Release|Any CPU
		{9B87B523-7133-4958-ABF7-DE85C4CECEE0}.Debug|Any CPU.ActiveCfg = Debug|Any CPU
		{9B87B523-7133-4958-ABF7-DE85C4CECEE0}.Debug|Any CPU.Build.0 = Debug|Any CPU
		{9B87B523-7133-4958-ABF7-DE85C4CECEE0}.Release|Any CPU.ActiveCfg = Release|Any CPU
		{9B87B523-7133-4958-ABF7-DE85C4CECEE0}.Release|Any CPU.Build.0 = Release|Any CPU
	EndGlobalSection
	GlobalSection(SolutionProperties) = preSolution
		HideSolutionNode = FALSE
	EndGlobalSection
	GlobalSection(ExtensibilityGlobals) = postSolution
		SolutionGuid = {5DC144A7-E977-40E4-A77A-25FD36636059}
	EndGlobalSection
EndGlobal
